
Microsoft Visual Studio Solution File, Format Version 12.00
# Visual Studio Version 17
VisualStudioVersion = 17.8.34525.116
MinimumVisualStudioVersion = 10.0.40219.1
Project("{FAE04EC0-301F-11D3-BF4B-00C04F79EFBC}") = "LeaveManagement.Web", "LeaveManagement.Web\LeaveManagement.Web.csproj", "{E8ED38D6-5AAB-424E-86DF-C30320CCAECC}"
EndProject
Global
	GlobalSection(SolutionConfigurationPlatforms) = preSolution
		Debug|Any CPU = Debug|Any CPU
		Release|Any CPU = Release|Any CPU
	EndGlobalSection
	GlobalSection(ProjectConfigurationPlatforms) = postSolution
		{E8ED38D6-5AAB-424E-86DF-C30320CCAECC}.Debug|Any CPU.ActiveCfg = Debug|Any CPU
		{E8ED38D6-5AAB-424E-86DF-C30320CCAECC}.Debug|Any CPU.Build.0 = Debug|Any CPU
		{E8ED38D6-5AAB-424E-86DF-C30320CCAECC}.Release|Any CPU.ActiveCfg = Release|Any CPU
		{E8ED38D6-5AAB-424E-86DF-C30320CCAECC}.Release|Any CPU.Build.0 = Release|Any CPU
	EndGlobalSection
	GlobalSection(SolutionProperties) = preSolution
		HideSolutionNode = FALSE
	EndGlobalSection
	GlobalSection(ExtensibilityGlobals) = postSolution
		SolutionGuid = {D0C4FCE8-9741-4A5D-BC7A-12D83BA2BF23}
	EndGlobalSection
EndGlobal
